
Microsoft Visual Studio Solution File, Format Version 11.00
# Visual C# Express 2010
Project("{FAE04EC0-301F-11D3-BF4B-00C04F79EFBC}") = "OneByOne", "OneByOne\OneByOne\OneByOne.csproj", "{B95C94E6-3618-46EC-B16F-CF23DAF06CA4}"
EndProject
Project("{96E2B04D-8817-42C6-938A-82C39BA4D311}") = "OneByOneContent", "OneByOne\OneByOneContent\OneByOneContent.contentproj", "{321101D9-208B-459D-805A-3C1CBB4959EA}"
EndProject
Global
	GlobalSection(SolutionConfigurationPlatforms) = preSolution
		Debug|x86 = Debug|x86
		Release|x86 = Release|x86
	EndGlobalSection
	GlobalSection(ProjectConfigurationPlatforms) = postSolution
		{B95C94E6-3618-46EC-B16F-CF23DAF06CA4}.Debug|x86.ActiveCfg = Debug|x86
		{B95C94E6-3618-46EC-B16F-CF23DAF06CA4}.Debug|x86.Build.0 = Debug|x86
		{B95C94E6-3618-46EC-B16F-CF23DAF06CA4}.Release|x86.ActiveCfg = Release|x86
		{B95C94E6-3618-46EC-B16F-CF23DAF06CA4}.Release|x86.Build.0 = Release|x86
		{321101D9-208B-459D-805A-3C1CBB4959EA}.Debug|x86.ActiveCfg = Debug|x86
		{321101D9-208B-459D-805A-3C1CBB4959EA}.Release|x86.ActiveCfg = Release|x86
	EndGlobalSection
	GlobalSection(SolutionProperties) = preSolution
		HideSolutionNode = FALSE
	EndGlobalSection
EndGlobal
